
Microsoft Visual Studio Solution File, Format Version 12.00
# Visual Studio Version 17
VisualStudioVersion = 17.10.34916.146
MinimumVisualStudioVersion = 10.0.40219.1
Project("{9A19103F-16F7-4668-BE54-9A1E7A4F7556}") = "Models", "Models\Models.csproj", "{2BC3D18F-4C51-4B4D-B80B-CC22F71061FC}"
EndProject
Project("{FAE04EC0-301F-11D3-BF4B-00C04F79EFBC}") = "ApiOportunidade", "ApiOportunidade\ApiOportunidade.csproj", "{7264A4EA-A555-438B-AF09-FAC148D05B82}"
EndProject
Project("{FAE04EC0-301F-11D3-BF4B-00C04F79EFBC}") = "ApiDuvidas", "ApiDuvidas\ApiDuvidas.csproj", "{8AB67604-BD12-4079-96DD-1177073FB490}"
EndProject
Global
	GlobalSection(SolutionConfigurationPlatforms) = preSolution
		Debug|Any CPU = Debug|Any CPU
		Release|Any CPU = Release|Any CPU
	EndGlobalSection
	GlobalSection(ProjectConfigurationPlatforms) = postSolution
		{2BC3D18F-4C51-4B4D-B80B-CC22F71061FC}.Debug|Any CPU.ActiveCfg = Debug|Any CPU
		{2BC3D18F-4C51-4B4D-B80B-CC22F71061FC}.Debug|Any CPU.Build.0 = Debug|Any CPU
		{2BC3D18F-4C51-4B4D-B80B-CC22F71061FC}.Release|Any CPU.ActiveCfg = Release|Any CPU
		{2BC3D18F-4C51-4B4D-B80B-CC22F71061FC}.Release|Any CPU.Build.0 = Release|Any CPU
		{7264A4EA-A555-438B-AF09-FAC148D05B82}.Debug|Any CPU.ActiveCfg = Debug|Any CPU
		{7264A4EA-A555-438B-AF09-FAC148D05B82}.Debug|Any CPU.Build.0 = Debug|Any CPU
		{7264A4EA-A555-438B-AF09-FAC148D05B82}.Release|Any CPU.ActiveCfg = Release|Any CPU
		{7264A4EA-A555-438B-AF09-FAC148D05B82}.Release|Any CPU.Build.0 = Release|Any CPU
		{8AB67604-BD12-4079-96DD-1177073FB490}.Debug|Any CPU.ActiveCfg = Debug|Any CPU
		{8AB67604-BD12-4079-96DD-1177073FB490}.Debug|Any CPU.Build.0 = Debug|Any CPU
		{8AB67604-BD12-4079-96DD-1177073FB490}.Release|Any CPU.ActiveCfg = Release|Any CPU
		{8AB67604-BD12-4079-96DD-1177073FB490}.Release|Any CPU.Build.0 = Release|Any CPU
	EndGlobalSection
	GlobalSection(SolutionProperties) = preSolution
		HideSolutionNode = FALSE
	EndGlobalSection
	GlobalSection(ExtensibilityGlobals) = postSolution
		SolutionGuid = {997CE001-F35C-4DC4-84DA-993211EC4B01}
	EndGlobalSection
EndGlobal
